
Microsoft Visual Studio Solution File, Format Version 12.00
# Visual Studio Version 18
VisualStudioVersion = 18.6.11806.211 stable
MinimumVisualStudioVersion = 10.0.40219.1
Project("{9A19103F-16F7-4668-BE54-9A1E7A4F7556}") = "UrgenceTech", "UrgenceTech.csproj", "{CF650E04-A20A-436B-A998-D88A94B334E9}"
EndProject
Project("{FAE04EC0-301F-11D3-BF4B-00C04F79EFBC}") = "UrgenceTech.Tests", "..\UrgenceTech.Tests\UrgenceTech.Tests.csproj", "{6610C520-F2F9-4D8C-9E34-AE0A208EBD44}"
EndProject
Global
	GlobalSection(SolutionConfigurationPlatforms) = preSolution
		Debug|Any CPU = Debug|Any CPU
		Release|Any CPU = Release|Any CPU
	EndGlobalSection
	GlobalSection(ProjectConfigurationPlatforms) = postSolution
		{CF650E04-A20A-436B-A998-D88A94B334E9}.Debug|Any CPU.ActiveCfg = Debug|Any CPU
		{CF650E04-A20A-436B-A998-D88A94B334E9}.Debug|Any CPU.Build.0 = Debug|Any CPU
		{CF650E04-A20A-436B-A998-D88A94B334E9}.Release|Any CPU.ActiveCfg = Release|Any CPU
		{CF650E04-A20A-436B-A998-D88A94B334E9}.Release|Any CPU.Build.0 = Release|Any CPU
		{6610C520-F2F9-4D8C-9E34-AE0A208EBD44}.Debug|Any CPU.ActiveCfg = Debug|Any CPU
		{6610C520-F2F9-4D8C-9E34-AE0A208EBD44}.Debug|Any CPU.Build.0 = Debug|Any CPU
		{6610C520-F2F9-4D8C-9E34-AE0A208EBD44}.Release|Any CPU.ActiveCfg = Release|Any CPU
		{6610C520-F2F9-4D8C-9E34-AE0A208EBD44}.Release|Any CPU.Build.0 = Release|Any CPU
	EndGlobalSection
	GlobalSection(SolutionProperties) = preSolution
		HideSolutionNode = FALSE
	EndGlobalSection
	GlobalSection(ExtensibilityGlobals) = postSolution
		SolutionGuid = {8F5A60C8-C885-4E69-9541-AC4CD8DD9E3F}
	EndGlobalSection
EndGlobal
